
Microsoft Visual Studio Solution File, Format Version 12.00
# Visual Studio Version 16
VisualStudioVersion = 16.0.34301.259
MinimumVisualStudioVersion = 10.0.40219.1
Project("{FAE04EC0-301F-11D3-BF4B-00C04F79EFBC}") = "Trade", "Trade.csproj", "{42FFDFC8-FD72-41DF-8738-7F5338C24178}"
EndProject
Global
	GlobalSection(SolutionConfigurationPlatforms) = preSolution
		Debug|Any CPU = Debug|Any CPU
		Release|Any CPU = Release|Any CPU
	EndGlobalSection
	GlobalSection(ProjectConfigurationPlatforms) = postSolution
		{42FFDFC8-FD72-41DF-8738-7F5338C24178}.Debug|Any CPU.ActiveCfg = Debug|Any CPU
		{42FFDFC8-FD72-41DF-8738-7F5338C24178}.Debug|Any CPU.Build.0 = Debug|Any CPU
		{42FFDFC8-FD72-41DF-8738-7F5338C24178}.Release|Any CPU.ActiveCfg = Release|Any CPU
		{42FFDFC8-FD72-41DF-8738-7F5338C24178}.Release|Any CPU.Build.0 = Release|Any CPU
	EndGlobalSection
	GlobalSection(SolutionProperties) = preSolution
		HideSolutionNode = FALSE
	EndGlobalSection
	GlobalSection(ExtensibilityGlobals) = postSolution
		SolutionGuid = {EBFEC3A1-7EBB-4A2B-93EE-CAC2881B271E}
	EndGlobalSection
EndGlobal
